{
    "version": 3,
    "terraform_version": "0.11.7",
    "serial": 8,
    "lineage": "783ac9f4-7e51-62f4-0521-0fa2a0cc1e1d",
    "modules": [
        {
            "path": [
                "root"
            ],
            "outputs": {},
            "resources": {
                "aws_instance.consul.0": {
                    "type": "aws_instance",
                    "depends_on": [],
                    "primary": {
                        "id": "i-06402c65dcbae3579",
                        "attributes": {
                            "ami": "ami-6871a115",
                            "arn": "arn:aws:ec2:us-east-1:852080272311:instance/i-06402c65dcbae3579",
                            "associate_public_ip_address": "true",
                            "availability_zone": "us-east-1a",
                            "cpu_core_count": "1",
                            "cpu_threads_per_core": "1",
                            "credit_specification.#": "1",
                            "credit_specification.0.cpu_credits": "standard",
                            "disable_api_termination": "false",
                            "ebs_block_device.#": "0",
                            "ebs_optimized": "false",
                            "ephemeral_block_device.#": "0",
                            "get_password_data": "false",
                            "iam_instance_profile": "",
                            "id": "i-06402c65dcbae3579",
                            "instance_state": "running",
                            "instance_type": "t2.micro",
                            "ipv6_addresses.#": "0",
                            "key_name": "",
                            "monitoring": "false",
                            "network_interface.#": "0",
                            "network_interface_id": "eni-0ba4e85757fcf4995",
                            "password_data": "",
                            "placement_group": "",
                            "primary_network_interface_id": "eni-0ba4e85757fcf4995",
                            "private_dns": "ip-172-31-53-131.ec2.internal",
                            "private_ip": "172.31.53.131",
                            "public_dns": "ec2-34-229-15-255.compute-1.amazonaws.com",
                            "public_ip": "34.229.15.255",
                            "root_block_device.#": "1",
                            "root_block_device.0.delete_on_termination": "true",
                            "root_block_device.0.iops": "100",
                            "root_block_device.0.volume_id": "vol-05eadd5a4c7879d24",
                            "root_block_device.0.volume_size": "10",
                            "root_block_device.0.volume_type": "gp2",
                            "security_groups.#": "1",
                            "security_groups.2072018806": "consul-sg",
                            "source_dest_check": "true",
                            "subnet_id": "subnet-0888efe3afbdac742",
                            "tags.%": "0",
                            "tenancy": "default",
                            "volume_tags.%": "0",
                            "vpc_security_group_ids.#": "1",
                            "vpc_security_group_ids.1728710977": "sg-0bb9c611b1c118612"
                        },
                        "meta": {
                            "e2bfb730-ecaa-11e6-8f88-34363bc7c4c0": {
                                "create": 600000000000,
                                "delete": 1200000000000,
                                "update": 600000000000
                            },
                            "schema_version": "1"
                        },
                        "tainted": true
                    },
                    "deposed": [],
                    "provider": "provider.aws"
                },
                "aws_instance.consul.1": {
                    "type": "aws_instance",
                    "depends_on": [],
                    "primary": {
                        "id": "i-0d0282fc7b68d737d",
                        "attributes": {
                            "ami": "ami-6871a115",
                            "arn": "arn:aws:ec2:us-east-1:852080272311:instance/i-0d0282fc7b68d737d",
                            "associate_public_ip_address": "true",
                            "availability_zone": "us-east-1a",
                            "cpu_core_count": "1",
                            "cpu_threads_per_core": "1",
                            "credit_specification.#": "1",
                            "credit_specification.0.cpu_credits": "standard",
                            "disable_api_termination": "false",
                            "ebs_block_device.#": "0",
                            "ebs_optimized": "false",
                            "ephemeral_block_device.#": "0",
                            "get_password_data": "false",
                            "iam_instance_profile": "",
                            "id": "i-0d0282fc7b68d737d",
                            "instance_state": "running",
                            "instance_type": "t2.micro",
                            "ipv6_addresses.#": "0",
                            "key_name": "",
                            "monitoring": "false",
                            "network_interface.#": "0",
                            "network_interface_id": "eni-0db4d958a172372f0",
                            "password_data": "",
                            "placement_group": "",
                            "primary_network_interface_id": "eni-0db4d958a172372f0",
                            "private_dns": "ip-172-31-65-237.ec2.internal",
                            "private_ip": "172.31.65.237",
                            "public_dns": "ec2-18-212-89-163.compute-1.amazonaws.com",
                            "public_ip": "18.212.89.163",
                            "root_block_device.#": "1",
                            "root_block_device.0.delete_on_termination": "true",
                            "root_block_device.0.iops": "100",
                            "root_block_device.0.volume_id": "vol-0e73cd355523a3c80",
                            "root_block_device.0.volume_size": "10",
                            "root_block_device.0.volume_type": "gp2",
                            "security_groups.#": "1",
                            "security_groups.2072018806": "consul-sg",
                            "source_dest_check": "true",
                            "subnet_id": "subnet-0888efe3afbdac742",
                            "tags.%": "0",
                            "tenancy": "default",
                            "volume_tags.%": "0",
                            "vpc_security_group_ids.#": "1",
                            "vpc_security_group_ids.1728710977": "sg-0bb9c611b1c118612"
                        },
                        "meta": {
                            "e2bfb730-ecaa-11e6-8f88-34363bc7c4c0": {
                                "create": 600000000000,
                                "delete": 1200000000000,
                                "update": 600000000000
                            },
                            "schema_version": "1"
                        },
                        "tainted": true
                    },
                    "deposed": [],
                    "provider": "provider.aws"
                },
                "aws_instance.vault.0": {
                    "type": "aws_instance",
                    "depends_on": [],
                    "primary": {
                        "id": "i-0e26f60cf6bf30641",
                        "attributes": {
                            "ami": "ami-6871a115",
                            "arn": "arn:aws:ec2:us-east-1:852080272311:instance/i-0e26f60cf6bf30641",
                            "associate_public_ip_address": "true",
                            "availability_zone": "us-east-1a",
                            "cpu_core_count": "1",
                            "cpu_threads_per_core": "1",
                            "credit_specification.#": "1",
                            "credit_specification.0.cpu_credits": "standard",
                            "disable_api_termination": "false",
                            "ebs_block_device.#": "0",
                            "ebs_optimized": "false",
                            "ephemeral_block_device.#": "0",
                            "get_password_data": "false",
                            "iam_instance_profile": "",
                            "id": "i-0e26f60cf6bf30641",
                            "instance_state": "running",
                            "instance_type": "t2.micro",
                            "ipv6_addresses.#": "0",
                            "key_name": "",
                            "monitoring": "false",
                            "network_interface.#": "0",
                            "network_interface_id": "eni-09745c0236f339602",
                            "password_data": "",
                            "placement_group": "",
                            "primary_network_interface_id": "eni-09745c0236f339602",
                            "private_dns": "ip-172-31-147-182.ec2.internal",
                            "private_ip": "172.31.147.182",
                            "public_dns": "ec2-54-174-168-59.compute-1.amazonaws.com",
                            "public_ip": "54.174.168.59",
                            "root_block_device.#": "1",
                            "root_block_device.0.delete_on_termination": "true",
                            "root_block_device.0.iops": "100",
                            "root_block_device.0.volume_id": "vol-09aa61a88330ac91c",
                            "root_block_device.0.volume_size": "10",
                            "root_block_device.0.volume_type": "gp2",
                            "security_groups.#": "1",
                            "security_groups.654129831": "vault-sg",
                            "source_dest_check": "true",
                            "subnet_id": "subnet-0888efe3afbdac742",
                            "tags.%": "0",
                            "tenancy": "default",
                            "volume_tags.%": "0",
                            "vpc_security_group_ids.#": "1",
                            "vpc_security_group_ids.2520403536": "sg-00ed19240b9be9ae1"
                        },
                        "meta": {
                            "e2bfb730-ecaa-11e6-8f88-34363bc7c4c0": {
                                "create": 600000000000,
                                "delete": 1200000000000,
                                "update": 600000000000
                            },
                            "schema_version": "1"
                        },
                        "tainted": true
                    },
                    "deposed": [],
                    "provider": "provider.aws"
                },
                "aws_instance.vault.1": {
                    "type": "aws_instance",
                    "depends_on": [],
                    "primary": {
                        "id": "i-0a7db01fc3cef0bdb",
                        "attributes": {
                            "ami": "ami-6871a115",
                            "arn": "arn:aws:ec2:us-east-1:852080272311:instance/i-0a7db01fc3cef0bdb",
                            "associate_public_ip_address": "true",
                            "availability_zone": "us-east-1a",
                            "cpu_core_count": "1",
                            "cpu_threads_per_core": "1",
                            "credit_specification.#": "1",
                            "credit_specification.0.cpu_credits": "standard",
                            "disable_api_termination": "false",
                            "ebs_block_device.#": "0",
                            "ebs_optimized": "false",
                            "ephemeral_block_device.#": "0",
                            "get_password_data": "false",
                            "iam_instance_profile": "",
                            "id": "i-0a7db01fc3cef0bdb",
                            "instance_state": "running",
                            "instance_type": "t2.micro",
                            "ipv6_addresses.#": "0",
                            "key_name": "",
                            "monitoring": "false",
                            "network_interface.#": "0",
                            "network_interface_id": "eni-0f71151915ec26609",
                            "password_data": "",
                            "placement_group": "",
                            "primary_network_interface_id": "eni-0f71151915ec26609",
                            "private_dns": "ip-172-31-104-245.ec2.internal",
                            "private_ip": "172.31.104.245",
                            "public_dns": "ec2-34-229-146-219.compute-1.amazonaws.com",
                            "public_ip": "34.229.146.219",
                            "root_block_device.#": "1",
                            "root_block_device.0.delete_on_termination": "true",
                            "root_block_device.0.iops": "100",
                            "root_block_device.0.volume_id": "vol-00a18ee45e80aa0f8",
                            "root_block_device.0.volume_size": "10",
                            "root_block_device.0.volume_type": "gp2",
                            "security_groups.#": "1",
                            "security_groups.654129831": "vault-sg",
                            "source_dest_check": "true",
                            "subnet_id": "subnet-0888efe3afbdac742",
                            "tags.%": "0",
                            "tenancy": "default",
                            "volume_tags.%": "0",
                            "vpc_security_group_ids.#": "1",
                            "vpc_security_group_ids.2520403536": "sg-00ed19240b9be9ae1"
                        },
                        "meta": {
                            "e2bfb730-ecaa-11e6-8f88-34363bc7c4c0": {
                                "create": 600000000000,
                                "delete": 1200000000000,
                                "update": 600000000000
                            },
                            "schema_version": "1"
                        },
                        "tainted": true
                    },
                    "deposed": [],
                    "provider": "provider.aws"
                }
            },
            "depends_on": []
        }
    ]
}
